# THIS IS AN AUTOGENERATED FILE. DO NOT EDIT THIS FILE DIRECTLY.
# yarn lockfile v1


"@prisma/bar@^0.0.1":
  version "0.0.1"
  resolved "https://registry.yarnpkg.com/@prisma/bar/-/bar-0.0.1.tgz#088c4fbbb79c588391437ade9fd3a85527e753b3"
  integrity sha512-FVLhwVkbfhXlBhroWfIXMLi+3Jh9IEzYp+9z+MUUiw3ZsbcoAil7CN9/QIjHc4/TcCRyRfuSmT7qCnn4O+TjJw==

"@prisma/cli@^2.13.1":
  version "2.13.1"
  resolved "https://registry.yarnpkg.com/@prisma/cli/-/cli-2.13.1.tgz#6af36f3e1a99852c6232202946043263a537cd95"
  integrity sha512-1KIo29GFAM/oe56oVFB6SjLV+xaunBtcnln1v0KcSn0bx1MgdN00o0haB5qTqRwnqEMTqsS81zH8VwdIgQhn6A==
  dependencies:
    "@prisma/bar" "^0.0.1"
    "@prisma/engines" "2.13.1-2.fcbc4bb2d306c86c28014f596b1e8c7980af8bd4"

"@prisma/client@^2.13.1":
  version "2.13.1"
  resolved "https://registry.yarnpkg.com/@prisma/client/-/client-2.13.1.tgz#7379eeca980afc2fe64d2c745eb90480877f30f4"
  integrity sha512-aD33DJpVHU3VqwDk5PEgnffbQeilUqmwVgqIxstVEiZ7TSs5oXQjwsSWAEfuvzPsR/rMJdeauAov58WHlMbVVA==
  dependencies:
    "@prisma/engines-version" "2.13.1-2.fcbc4bb2d306c86c28014f596b1e8c7980af8bd4"

"@prisma/engines-version@2.13.1-2.fcbc4bb2d306c86c28014f596b1e8c7980af8bd4":
  version "2.13.1-2.fcbc4bb2d306c86c28014f596b1e8c7980af8bd4"
  resolved "https://registry.yarnpkg.com/@prisma/engines-version/-/engines-version-2.13.1-2.fcbc4bb2d306c86c28014f596b1e8c7980af8bd4.tgz#9f5d48054aeeea0dfffeb45572aba7097e33c198"
  integrity sha512-xMfD9iu03XSTgZqgWYqTnKYfmabjY+U2tj7ClA1WQqLziY0ZGI48tZQpNe6WGzv+6nVss3PpfHfkKlM0kzhZbw==

"@prisma/engines@2.13.1-2.fcbc4bb2d306c86c28014f596b1e8c7980af8bd4":
  version "2.13.1-2.fcbc4bb2d306c86c28014f596b1e8c7980af8bd4"
  resolved "https://registry.yarnpkg.com/@prisma/engines/-/engines-2.13.1-2.fcbc4bb2d306c86c28014f596b1e8c7980af8bd4.tgz#4a6aba46db9be442712e4b14b5a72e1da830e837"
  integrity sha512-APwZRomHG94bOc3jY6kaoEOkVdavN859c5hCFOjhy014Uut8v5+dg1lz3RzUaiiSHK8NwgGKrO5rqO09yGu8Eg==
